
Microsoft Visual Studio Solution File, Format Version 12.00
# Visual Studio Version 17
VisualStudioVersion = 17.4.33122.133
MinimumVisualStudioVersion = 10.0.40219.1
Project("{FAE04EC0-301F-11D3-BF4B-00C04F79EFBC}") = "Tic-Tac-Toe Game", "Tic-Tac-Toe Game.csproj", "{7E83B6C8-9B8D-4A5C-B2B4-8E0D55036FE5}"
EndProject
Global
	GlobalSection(SolutionConfigurationPlatforms) = preSolution
		Debug|Any CPU = Debug|Any CPU
		Release|Any CPU = Release|Any CPU
	EndGlobalSection
	GlobalSection(ProjectConfigurationPlatforms) = postSolution
		{7E83B6C8-9B8D-4A5C-B2B4-8E0D55036FE5}.Debug|Any CPU.ActiveCfg = Debug|Any CPU
		{7E83B6C8-9B8D-4A5C-B2B4-8E0D55036FE5}.Debug|Any CPU.Build.0 = Debug|Any CPU
		{7E83B6C8-9B8D-4A5C-B2B4-8E0D55036FE5}.Release|Any CPU.ActiveCfg = Release|Any CPU
		{7E83B6C8-9B8D-4A5C-B2B4-8E0D55036FE5}.Release|Any CPU.Build.0 = Release|Any CPU
	EndGlobalSection
	GlobalSection(SolutionProperties) = preSolution
		HideSolutionNode = FALSE
	EndGlobalSection
	GlobalSection(ExtensibilityGlobals) = postSolution
		SolutionGuid = {8875D0A6-6CB6-4EE0-9D62-E4ECDDBD144C}
	EndGlobalSection
EndGlobal
